github.com/davecgh/go-spew v1.1.0 h1:ZDRjVQ15GmhC3fiQ8ni8+OwkZQO4DARzQgrnXU1Liz8=
github.com/davecgh/go-spew v1.1.0/go.mod h1:J7Y8YcW2NihsgmVo/mv3lAwl/skON4iLHjSsI+c5H38=
github.com/docopt/docopt-go v0.0.0-20180111231733-ee0de3bc6815 h1:bWDMxwH3px2JBh6AyO7hdCn/PkvCZXii8TGj7sbtEbQ=
github.com/docopt/docopt-go v0.0.0-20180111231733-ee0de3bc6815/go.mod h1:WwZ+bS3ebgob9U8Nd0kOddGdZWjyMGR8Wziv+TBNwSE=
github.com/mattn/go-runewidth v0.0.2 h1:UnlwIPBGaTZfPQ6T1IGzPI0EkYAQmT9fAEJ/poFC63o=
github.com/mattn/go-runewidth v0.0.2/go.mod h1:LwmH8dsx7+W8Uxz3IHJYH5QSwggIsqBzpuz5H//U1FU=
github.com/mattn/go-shellwords v1.0.3 h1:K/VxK7SZ+cvuPgFSLKi5QPI9Vr/ipOf4C1gN+ntueUk=
github.com/mattn/go-shellwords v1.0.3/go.mod h1:3xCvwCdWdlDJUrvuMn7Wuy9eWs4pE8vqg+NOMyg4B2o=
github.com/nsf/termbox-go v0.0.0-20180613055208-5c94acc5e6eb h1:YahEjAGkJtCrkqgVHhX6n8ZX+CZ3hDRL9fjLYugLfSs=
github.com/nsf/termbox-go v0.0.0-20180613055208-5c94acc5e6eb/go.mod h1:IuKpRQcYE1Tfu+oAQqaLisqDeXgjyyltCfsaoYN18NQ=
github.com/pmezard/go-difflib v1.0.0 h1:4DBwDE0NGyQoBHbLQYPwSUPoCMWR5BEzIk/f1lZbAQM=
github.com/pmezard/go-difflib v1.0.0/go.mod h1:iKH77koFhYxTK1pcRnkKkqfTogsbg7gZNVY4sRDYZ/4=
github.com/reconquest/executil-go v0.0.0-20160912065851-e72bce509b1a h1:4IWiIlNhhU/ZdDj8+NJb2tKavt83R3G0wExLC+sre+4=
github.com/reconquest/executil-go v0.0.0-20160912065851-e72bce509b1a/go.mod h1:63UJzHtKBhZ2qo6JzQFn8wOG8bNXextZyVOjlXUE+9I=
github.com/reconquest/hierr-go v0.0.0-20170824213838-7d09c0176fd2 h1:v3ctQXyIHprCI7s42LGmMYbulnnpjeD4zcvq78D1ung=
github.com/reconquest/hierr-go v0.0.0-20170824213838-7d09c0176fd2/go.mod h1:dF8sYs86hXr+kKjDVvxDZYMUsTm5yr0PFQqLer/xsrk=
github.com/reconquest/karma-go v0.0.0-20180622115312-cf3af19bec91 h1:jyyKJBaNTNcQ+ZQSNCBLtUKJGbQVbd1FZqK624HuZBQ=
github.com/reconquest/karma-go v0.0.0-20180622115312-cf3af19bec91/go.mod h1:oTXKs9J7KQ1gCpnvSwCbH9vlvELZFfUSbEbrr2ABeo0=
github.com/reconquest/ser-go v0.0.0-20160922231229-47f084a1e4a5 h1:n6czZW4Uy5vd37Radfz2waqTyXGSmBibes4CLazsiN0=
github.com/reconquest/ser-go v0.0.0-20160922231229-47f084a1e4a5/go.mod h1:H3Pgo5dsVfGXxKBNju4XnzDKLcejXSgBY7y5t+LDk24=
github.com/seletskiy/i3ipc v0.0.0-20170917094900-43c0b78e7e6b h1:MOUy9WEjboOQ86D/UcLD8jcFrFshnIXQEIVZDnk3jKI=
github.com/seletskiy/i3ipc v0.0.0-20170917094900-43c0b78e7e6b/go.mod h1:GW44KPKGHTo3xazyy4dkt9wD32J9j9UGpkem30vEqyA=
github.com/stretchr/testify v1.2.2 h1:bSDNvY7ZPG5RlJ8otE/7V6gMiyenm9RtJ7IUVIAoJ1w=
github.com/stretchr/testify v1.2.2/go.mod h1:a8OnRcib4nhh0OaRAV+Yts87kKdq0PP7pXfy6kDkUVs=
golang.org/x/crypto v0.0.0-20180718160520-a2144134853f h1:lRy+hhwk7YT7MsKejxuz0C5Q1gk6p/QoPQYEmKmGFb8=
golang.org/x/crypto v0.0.0-20180718160520-a2144134853f/go.mod h1:6SG95UA2DQfeDnfUPMdvaQW0Q7yPrPDi9nlGo2tz2b4=
golang.org/x/sys v0.0.0-20180715085529-ac767d655b30 h1:4bYUqrXBoiI7UFQeibUwFhvcHfaEeL75O3lOcZa964o=
golang.org/x/sys v0.0.0-20180715085529-ac767d655b30/go.mod h1:STP8DvDyc/dI5b8T5hshtkjS+E42TnysNCUPdjciGhY=
